
Microsoft Visual Studio Solution File, Format Version 12.00
# Visual Studio Version 17
VisualStudioVersion = 17.14.35906.104 d17.14
MinimumVisualStudioVersion = 10.0.40219.1
Project("{FAE04EC0-301F-11D3-BF4B-00C04F79EFBC}") = "csharp_minimal_api", "csharp_minimal_api\csharp_minimal_api.csproj", "{5CCC2B99-F486-4D82-9243-A939D77CA9DE}"
EndProject
Global
	GlobalSection(SolutionConfigurationPlatforms) = preSolution
		Debug|Any CPU = Debug|Any CPU
		Release|Any CPU = Release|Any CPU
	EndGlobalSection
	GlobalSection(ProjectConfigurationPlatforms) = postSolution
		{5CCC2B99-F486-4D82-9243-A939D77CA9DE}.Debug|Any CPU.ActiveCfg = Debug|Any CPU
		{5CCC2B99-F486-4D82-9243-A939D77CA9DE}.Debug|Any CPU.Build.0 = Debug|Any CPU
		{5CCC2B99-F486-4D82-9243-A939D77CA9DE}.Release|Any CPU.ActiveCfg = Release|Any CPU
		{5CCC2B99-F486-4D82-9243-A939D77CA9DE}.Release|Any CPU.Build.0 = Release|Any CPU
	EndGlobalSection
	GlobalSection(SolutionProperties) = preSolution
		HideSolutionNode = FALSE
	EndGlobalSection
	GlobalSection(ExtensibilityGlobals) = postSolution
		SolutionGuid = {81938117-88C1-4B37-A8B1-2C88D35E80A3}
	EndGlobalSection
EndGlobal
